
Microsoft Visual Studio Solution File, Format Version 12.00
# Visual Studio Version 16
VisualStudioVersion = 16.0.31515.178
MinimumVisualStudioVersion = 10.0.40219.1
Project("{FAE04EC0-301F-11D3-BF4B-00C04F79EFBC}") = "Tiny Language", "Tiny Language\Tiny Language.csproj", "{BFB130A2-A80B-43D1-84F8-1364C625B504}"
EndProject
Global
	GlobalSection(SolutionConfigurationPlatforms) = preSolution
		Debug|Any CPU = Debug|Any CPU
		Release|Any CPU = Release|Any CPU
	EndGlobalSection
	GlobalSection(ProjectConfigurationPlatforms) = postSolution
		{BFB130A2-A80B-43D1-84F8-1364C625B504}.Debug|Any CPU.ActiveCfg = Debug|Any CPU
		{BFB130A2-A80B-43D1-84F8-1364C625B504}.Debug|Any CPU.Build.0 = Debug|Any CPU
		{BFB130A2-A80B-43D1-84F8-1364C625B504}.Release|Any CPU.ActiveCfg = Release|Any CPU
		{BFB130A2-A80B-43D1-84F8-1364C625B504}.Release|Any CPU.Build.0 = Release|Any CPU
	EndGlobalSection
	GlobalSection(SolutionProperties) = preSolution
		HideSolutionNode = FALSE
	EndGlobalSection
	GlobalSection(ExtensibilityGlobals) = postSolution
		SolutionGuid = {AA8A7C63-1ABB-43BE-AD50-7A67407DBC26}
	EndGlobalSection
EndGlobal
